# THIS IS AN AUTOGENERATED FILE. DO NOT EDIT THIS FILE DIRECTLY.
# yarn lockfile v1


config@^1.27.0:
  version "1.27.0"
  resolved "https://registry.yarnpkg.com/config/-/config-1.27.0.tgz#3ab30d0080ff76f407c2f47ac1326adfd908af5f"
  dependencies:
    json5 "0.4.0"
    os-homedir "1.0.2"

json5@0.4.0:
  version "0.4.0"
  resolved "https://registry.yarnpkg.com/json5/-/json5-0.4.0.tgz#054352e4c4c80c86c0923877d449de176a732c8d"

os-homedir@1.0.2:
  version "1.0.2"
  resolved "https://registry.yarnpkg.com/os-homedir/-/os-homedir-1.0.2.tgz#ffbc4988336e0e833de0c168c7ef152121aa7fb3"
